
Microsoft Visual Studio Solution File, Format Version 12.00
# Visual Studio Version 17
VisualStudioVersion = 17.8.34316.72
MinimumVisualStudioVersion = 10.0.40219.1
Project("{9A19103F-16F7-4668-BE54-9A1E7A4F7556}") = "Fedora", "Fedora\Fedora.csproj", "{FD75F6AB-7539-42DA-A795-885BDF5F12C8}"
EndProject
Project("{9A19103F-16F7-4668-BE54-9A1E7A4F7556}") = "Storage.API", "Storage.API\Storage.API.csproj", "{451C0CF8-0A92-451B-BADC-D3194D3BD464}"
EndProject
Project("{9A19103F-16F7-4668-BE54-9A1E7A4F7556}") = "Dashboard", "Dashboard\Dashboard.csproj", "{8D0AC003-CEDE-4330-98C4-E3205FDB4267}"
EndProject
Project("{9A19103F-16F7-4668-BE54-9A1E7A4F7556}") = "Storage", "Preservation\Storage.csproj", "{7CB531B6-49AE-4969-ACBF-321E2BC8B179}"
EndProject
Project("{2150E333-8FDC-42A3-9474-1A3956D46DE8}") = "notes", "notes", "{FFBB9C8F-E3D1-4E42-83A4-C9C8228BC2A7}"
	ProjectSection(SolutionItems) = preProject
		api-proxy.md = api-proxy.md
	EndProjectSection
EndProject
Project("{9A19103F-16F7-4668-BE54-9A1E7A4F7556}") = "SamplesWorker", "SamplesWorker\SamplesWorker.csproj", "{3FAAC878-61C8-43F1-8963-D99B4548E326}"
EndProject
Project("{9A19103F-16F7-4668-BE54-9A1E7A4F7556}") = "FedoraTests", "FedoraTests\FedoraTests.csproj", "{DB5452C1-837D-46AE-A5FC-B939818A83CF}"
EndProject
Project("{9A19103F-16F7-4668-BE54-9A1E7A4F7556}") = "StorageApiClient", "PreservationApiClient\StorageApiClient.csproj", "{2714D982-D2B2-49CE-98FA-104594A26ABF}"
EndProject
Project("{9A19103F-16F7-4668-BE54-9A1E7A4F7556}") = "Dlcs", "Dlcs\Dlcs.csproj", "{881D639B-D611-4962-9C1A-56A76B82FDC4}"
EndProject
Project("{9A19103F-16F7-4668-BE54-9A1E7A4F7556}") = "Preservation.API", "Preservation.API\Preservation.API.csproj", "{65F1F519-256D-4C11-B3F8-53F5779113EE}"
EndProject
Global
	GlobalSection(SolutionConfigurationPlatforms) = preSolution
		Debug|Any CPU = Debug|Any CPU
		Release|Any CPU = Release|Any CPU
	EndGlobalSection
	GlobalSection(ProjectConfigurationPlatforms) = postSolution
		{FD75F6AB-7539-42DA-A795-885BDF5F12C8}.Debug|Any CPU.ActiveCfg = Debug|Any CPU
		{FD75F6AB-7539-42DA-A795-885BDF5F12C8}.Debug|Any CPU.Build.0 = Debug|Any CPU
		{FD75F6AB-7539-42DA-A795-885BDF5F12C8}.Release|Any CPU.ActiveCfg = Release|Any CPU
		{FD75F6AB-7539-42DA-A795-885BDF5F12C8}.Release|Any CPU.Build.0 = Release|Any CPU
		{451C0CF8-0A92-451B-BADC-D3194D3BD464}.Debug|Any CPU.ActiveCfg = Debug|Any CPU
		{451C0CF8-0A92-451B-BADC-D3194D3BD464}.Debug|Any CPU.Build.0 = Debug|Any CPU
		{451C0CF8-0A92-451B-BADC-D3194D3BD464}.Release|Any CPU.ActiveCfg = Release|Any CPU
		{451C0CF8-0A92-451B-BADC-D3194D3BD464}.Release|Any CPU.Build.0 = Release|Any CPU
		{8D0AC003-CEDE-4330-98C4-E3205FDB4267}.Debug|Any CPU.ActiveCfg = Debug|Any CPU
		{8D0AC003-CEDE-4330-98C4-E3205FDB4267}.Debug|Any CPU.Build.0 = Debug|Any CPU
		{8D0AC003-CEDE-4330-98C4-E3205FDB4267}.Release|Any CPU.ActiveCfg = Release|Any CPU
		{8D0AC003-CEDE-4330-98C4-E3205FDB4267}.Release|Any CPU.Build.0 = Release|Any CPU
		{7CB531B6-49AE-4969-ACBF-321E2BC8B179}.Debug|Any CPU.ActiveCfg = Debug|Any CPU
		{7CB531B6-49AE-4969-ACBF-321E2BC8B179}.Debug|Any CPU.Build.0 = Debug|Any CPU
		{7CB531B6-49AE-4969-ACBF-321E2BC8B179}.Release|Any CPU.ActiveCfg = Release|Any CPU
		{7CB531B6-49AE-4969-ACBF-321E2BC8B179}.Release|Any CPU.Build.0 = Release|Any CPU
		{3FAAC878-61C8-43F1-8963-D99B4548E326}.Debug|Any CPU.ActiveCfg = Debug|Any CPU
		{3FAAC878-61C8-43F1-8963-D99B4548E326}.Debug|Any CPU.Build.0 = Debug|Any CPU
		{3FAAC878-61C8-43F1-8963-D99B4548E326}.Release|Any CPU.ActiveCfg = Release|Any CPU
		{3FAAC878-61C8-43F1-8963-D99B4548E326}.Release|Any CPU.Build.0 = Release|Any CPU
		{DB5452C1-837D-46AE-A5FC-B939818A83CF}.Debug|Any CPU.ActiveCfg = Debug|Any CPU
		{DB5452C1-837D-46AE-A5FC-B939818A83CF}.Debug|Any CPU.Build.0 = Debug|Any CPU
		{DB5452C1-837D-46AE-A5FC-B939818A83CF}.Release|Any CPU.ActiveCfg = Release|Any CPU
		{DB5452C1-837D-46AE-A5FC-B939818A83CF}.Release|Any CPU.Build.0 = Release|Any CPU
		{2714D982-D2B2-49CE-98FA-104594A26ABF}.Debug|Any CPU.ActiveCfg = Debug|Any CPU
		{2714D982-D2B2-49CE-98FA-104594A26ABF}.Debug|Any CPU.Build.0 = Debug|Any CPU
		{2714D982-D2B2-49CE-98FA-104594A26ABF}.Release|Any CPU.ActiveCfg = Release|Any CPU
		{2714D982-D2B2-49CE-98FA-104594A26ABF}.Release|Any CPU.Build.0 = Release|Any CPU
		{881D639B-D611-4962-9C1A-56A76B82FDC4}.Debug|Any CPU.ActiveCfg = Debug|Any CPU
		{881D639B-D611-4962-9C1A-56A76B82FDC4}.Debug|Any CPU.Build.0 = Debug|Any CPU
		{881D639B-D611-4962-9C1A-56A76B82FDC4}.Release|Any CPU.ActiveCfg = Release|Any CPU
		{881D639B-D611-4962-9C1A-56A76B82FDC4}.Release|Any CPU.Build.0 = Release|Any CPU
		{65F1F519-256D-4C11-B3F8-53F5779113EE}.Debug|Any CPU.ActiveCfg = Debug|Any CPU
		{65F1F519-256D-4C11-B3F8-53F5779113EE}.Debug|Any CPU.Build.0 = Debug|Any CPU
		{65F1F519-256D-4C11-B3F8-53F5779113EE}.Release|Any CPU.ActiveCfg = Release|Any CPU
		{65F1F519-256D-4C11-B3F8-53F5779113EE}.Release|Any CPU.Build.0 = Release|Any CPU
	EndGlobalSection
	GlobalSection(SolutionProperties) = preSolution
		HideSolutionNode = FALSE
	EndGlobalSection
	GlobalSection(ExtensibilityGlobals) = postSolution
		SolutionGuid = {F79BC6C1-C8F5-4204-B8B7-14CD40FDE97B}
	EndGlobalSection
EndGlobal
